
Microsoft Visual Studio Solution File, Format Version 12.00
# Visual Studio Version 16
VisualStudioVersion = 25.0.1706.8
MinimumVisualStudioVersion = 10.0.40219.1
Project("{FAE04EC0-301F-11D3-BF4B-00C04F79EFBC}") = "HRMS", "HRMS\HRMS.csproj", "{9BECF20D-26AB-44A7-B2F9-4187336D8BCC}"
EndProject
Global
	GlobalSection(SolutionConfigurationPlatforms) = preSolution
		Debug|Any CPU = Debug|Any CPU
		Release|Any CPU = Release|Any CPU
	EndGlobalSection
	GlobalSection(ProjectConfigurationPlatforms) = postSolution
		{9BECF20D-26AB-44A7-B2F9-4187336D8BCC}.Debug|Any CPU.ActiveCfg = Debug|Any CPU
		{9BECF20D-26AB-44A7-B2F9-4187336D8BCC}.Debug|Any CPU.Build.0 = Debug|Any CPU
		{9BECF20D-26AB-44A7-B2F9-4187336D8BCC}.Release|Any CPU.ActiveCfg = Release|Any CPU
		{9BECF20D-26AB-44A7-B2F9-4187336D8BCC}.Release|Any CPU.Build.0 = Release|Any CPU
	EndGlobalSection
	GlobalSection(SolutionProperties) = preSolution
		HideSolutionNode = FALSE
	EndGlobalSection
	GlobalSection(ExtensibilityGlobals) = postSolution
		SolutionGuid = {72D07887-9731-41D8-AB7F-FE50601329A8}
	EndGlobalSection
EndGlobal
